
Microsoft Visual Studio Solution File, Format Version 12.00
# Visual Studio Version 16
VisualStudioVersion = 16.0.31702.278
MinimumVisualStudioVersion = 10.0.40219.1
Project("{9A19103F-16F7-4668-BE54-9A1E7A4F7556}") = "WebShopApp", "WebShopApp\WebShopApp.csproj", "{AFD50889-EC83-46C6-A35D-1F56DB2C6042}"
EndProject
Global
	GlobalSection(SolutionConfigurationPlatforms) = preSolution
		Debug|Any CPU = Debug|Any CPU
		Release|Any CPU = Release|Any CPU
	EndGlobalSection
	GlobalSection(ProjectConfigurationPlatforms) = postSolution
		{AFD50889-EC83-46C6-A35D-1F56DB2C6042}.Debug|Any CPU.ActiveCfg = Debug|Any CPU
		{AFD50889-EC83-46C6-A35D-1F56DB2C6042}.Debug|Any CPU.Build.0 = Debug|Any CPU
		{AFD50889-EC83-46C6-A35D-1F56DB2C6042}.Release|Any CPU.ActiveCfg = Release|Any CPU
		{AFD50889-EC83-46C6-A35D-1F56DB2C6042}.Release|Any CPU.Build.0 = Release|Any CPU
	EndGlobalSection
	GlobalSection(SolutionProperties) = preSolution
		HideSolutionNode = FALSE
	EndGlobalSection
	GlobalSection(ExtensibilityGlobals) = postSolution
		SolutionGuid = {8D720B54-8951-416D-B19B-B750C28CA69E}
	EndGlobalSection
EndGlobal
